
Microsoft Visual Studio Solution File, Format Version 12.00
# Visual Studio Version 17
VisualStudioVersion = 17.8.34316.72
MinimumVisualStudioVersion = 10.0.40219.1
Project("{9A19103F-16F7-4668-BE54-9A1E7A4F7556}") = "ProductService.API", "ProductService.API\ProductService.API.csproj", "{453D5BEA-29C5-43D4-A5FE-658462C77359}"
EndProject
Project("{9A19103F-16F7-4668-BE54-9A1E7A4F7556}") = "OrderService.API", "OrderService.API\OrderService.API.csproj", "{8688BD0A-C6F9-44B9-9747-98AC44B3F614}"
EndProject
Project("{9A19103F-16F7-4668-BE54-9A1E7A4F7556}") = "CategoryService.API", "CategoryService.API\CategoryService.API.csproj", "{8EFE52EC-E1A1-4944-8E96-8C64C960C7B6}"
EndProject
Project("{9A19103F-16F7-4668-BE54-9A1E7A4F7556}") = "UserService.API", "UserService.API\UserService.API.csproj", "{53B71136-BFD3-43C7-9269-6296271DCC49}"
EndProject
Project("{FAE04EC0-301F-11D3-BF4B-00C04F79EFBC}") = "MicroserviceFrontend", "MicroserviceFrontend\MicroserviceFrontend.csproj", "{4484AAD3-B943-425F-8A27-5A3FDD031534}"
EndProject
Global
	GlobalSection(SolutionConfigurationPlatforms) = preSolution
		Debug|Any CPU = Debug|Any CPU
		Release|Any CPU = Release|Any CPU
	EndGlobalSection
	GlobalSection(ProjectConfigurationPlatforms) = postSolution
		{453D5BEA-29C5-43D4-A5FE-658462C77359}.Debug|Any CPU.ActiveCfg = Debug|Any CPU
		{453D5BEA-29C5-43D4-A5FE-658462C77359}.Debug|Any CPU.Build.0 = Debug|Any CPU
		{453D5BEA-29C5-43D4-A5FE-658462C77359}.Release|Any CPU.ActiveCfg = Release|Any CPU
		{453D5BEA-29C5-43D4-A5FE-658462C77359}.Release|Any CPU.Build.0 = Release|Any CPU
		{8688BD0A-C6F9-44B9-9747-98AC44B3F614}.Debug|Any CPU.ActiveCfg = Debug|Any CPU
		{8688BD0A-C6F9-44B9-9747-98AC44B3F614}.Debug|Any CPU.Build.0 = Debug|Any CPU
		{8688BD0A-C6F9-44B9-9747-98AC44B3F614}.Release|Any CPU.ActiveCfg = Release|Any CPU
		{8688BD0A-C6F9-44B9-9747-98AC44B3F614}.Release|Any CPU.Build.0 = Release|Any CPU
		{8EFE52EC-E1A1-4944-8E96-8C64C960C7B6}.Debug|Any CPU.ActiveCfg = Debug|Any CPU
		{8EFE52EC-E1A1-4944-8E96-8C64C960C7B6}.Debug|Any CPU.Build.0 = Debug|Any CPU
		{8EFE52EC-E1A1-4944-8E96-8C64C960C7B6}.Release|Any CPU.ActiveCfg = Release|Any CPU
		{8EFE52EC-E1A1-4944-8E96-8C64C960C7B6}.Release|Any CPU.Build.0 = Release|Any CPU
		{53B71136-BFD3-43C7-9269-6296271DCC49}.Debug|Any CPU.ActiveCfg = Debug|Any CPU
		{53B71136-BFD3-43C7-9269-6296271DCC49}.Debug|Any CPU.Build.0 = Debug|Any CPU
		{53B71136-BFD3-43C7-9269-6296271DCC49}.Release|Any CPU.ActiveCfg = Release|Any CPU
		{53B71136-BFD3-43C7-9269-6296271DCC49}.Release|Any CPU.Build.0 = Release|Any CPU
		{4484AAD3-B943-425F-8A27-5A3FDD031534}.Debug|Any CPU.ActiveCfg = Debug|Any CPU
		{4484AAD3-B943-425F-8A27-5A3FDD031534}.Debug|Any CPU.Build.0 = Debug|Any CPU
		{4484AAD3-B943-425F-8A27-5A3FDD031534}.Release|Any CPU.ActiveCfg = Release|Any CPU
		{4484AAD3-B943-425F-8A27-5A3FDD031534}.Release|Any CPU.Build.0 = Release|Any CPU
	EndGlobalSection
	GlobalSection(SolutionProperties) = preSolution
		HideSolutionNode = FALSE
	EndGlobalSection
	GlobalSection(ExtensibilityGlobals) = postSolution
		SolutionGuid = {B12A24F5-921C-4C07-8AB5-9EA43EF3D86B}
	EndGlobalSection
EndGlobal
